Microsoft Visual Studio Solution File, Format Version 8.00
Project("{8BC9CEB8-8B4A-11D0-8D11-00A0C91BC942}") = "ExpectionCheck", "ExpectionCheck\ExpectionCheck.vcproj", "{41857E7B-54AA-4B7F-8988-35035DC784EF}"
	ProjectSection(ProjectDependencies) = postProject
	EndProjectSection
EndProject
Global
	GlobalSection(SolutionConfiguration) = preSolution
		Debug = Debug
		Release = Release
	EndGlobalSection
	GlobalSection(ProjectConfiguration) = postSolution
		{41857E7B-54AA-4B7F-8988-35035DC784EF}.Debug.ActiveCfg = Debug|Win32
		{41857E7B-54AA-4B7F-8988-35035DC784EF}.Debug.Build.0 = Debug|Win32
		{41857E7B-54AA-4B7F-8988-35035DC784EF}.Release.ActiveCfg = Release|Win32
		{41857E7B-54AA-4B7F-8988-35035DC784EF}.Release.Build.0 = Release|Win32
	EndGlobalSection
	GlobalSection(ExtensibilityGlobals) = postSolution
	EndGlobalSection
	GlobalSection(ExtensibilityAddIns) = postSolution
	EndGlobalSection
EndGlobal
