
Microsoft Visual Studio Solution File, Format Version 10.00
# Visual Studio 2008
Project("{8BC9CEB8-8B4A-11D0-8D11-00A0C91BC942}") = "pbEncryptLogKeyDB", "pbEncryptLogKeyDB.vcproj", "{E5C0A534-9AAE-4C9D-8FFD-B1A20D8F7602}"
EndProject
Global
	GlobalSection(SolutionConfigurationPlatforms) = preSolution
		Debug|Win32 = Debug|Win32
		Distribute|Win32 = Distribute|Win32
		Release|Win32 = Release|Win32
	EndGlobalSection
	GlobalSection(ProjectConfigurationPlatforms) = postSolution
		{E5C0A534-9AAE-4C9D-8FFD-B1A20D8F7602}.Debug|Win32.ActiveCfg = Debug|Win32
		{E5C0A534-9AAE-4C9D-8FFD-B1A20D8F7602}.Debug|Win32.Build.0 = Debug|Win32
		{E5C0A534-9AAE-4C9D-8FFD-B1A20D8F7602}.Distribute|Win32.ActiveCfg = Distribute|Win32
		{E5C0A534-9AAE-4C9D-8FFD-B1A20D8F7602}.Distribute|Win32.Build.0 = Distribute|Win32
		{E5C0A534-9AAE-4C9D-8FFD-B1A20D8F7602}.Release|Win32.ActiveCfg = Release|Win32
		{E5C0A534-9AAE-4C9D-8FFD-B1A20D8F7602}.Release|Win32.Build.0 = Release|Win32
	EndGlobalSection
	GlobalSection(SolutionProperties) = preSolution
		HideSolutionNode = FALSE
	EndGlobalSection
EndGlobal
