Microsoft Visual Studio Solution File, Format Version 12.00
# Visual Studio 14
VisualStudioVersion = 14.0.25123.0
MinimumVisualStudioVersion = 10.0.40219.1
Project("{2150E333-8FDC-42A3-9474-1A3956D46DE8}") = "Solution Items", "Solution Items", "{5D9EE78B-D35A-4C90-8E73-BE7BDBDDF0CF}"
EndProject
Project("{8BC9CEB8-8B4A-11D0-8D11-00A0C91BC942}") = "i3AnimationKey", "i3AnimationKey\i3AnimationKey.vcxproj", "{882900FC-2427-4A65-ADD4-B250E8ECAD21}"
EndProject
Project("{8BC9CEB8-8B4A-11D0-8D11-00A0C91BC942}") = "i3Export2", "i3Export2\i3Export2.vcxproj", "{0028E532-A9E0-4EE5-9805-5389D5061F7D}"
EndProject
Project("{8BC9CEB8-8B4A-11D0-8D11-00A0C91BC942}") = "i3ExternRef", "i3ExternRef\i3ExternRef.vcxproj", "{73CBAD3C-4B34-424B-B27E-69B813F15A49}"
EndProject
Project("{8BC9CEB8-8B4A-11D0-8D11-00A0C91BC942}") = "i3GameEditor", "i3GameEditor\i3GameEditor.vcxproj", "{F8BE34DE-0D17-4415-B3FD-1D8C2F560E24}"
EndProject
Project("{8BC9CEB8-8B4A-11D0-8D11-00A0C91BC942}") = "i3ImageMaker", "i3ImageMaker\i3ImageMaker.vcxproj", "{9F0FF2DB-6599-458C-9E9A-BE3DF0A9AE88}"
EndProject
Project("{8BC9CEB8-8B4A-11D0-8D11-00A0C91BC942}") = "i3LevelDesign", "i3LevelDesign\i3LevelDesign.vcxproj", "{ACC2E7D9-DEEE-4DF6-83F4-6D18F2F672CD}"
EndProject
Project("{8BC9CEB8-8B4A-11D0-8D11-00A0C91BC942}") = "i3ObjectEditor", "i3ObjectEditor\i3ObjectEditor.vcxproj", "{2A4BF9FB-EF2F-4313-BD8D-6C76A5B503C7}"
EndProject
Project("{8BC9CEB8-8B4A-11D0-8D11-00A0C91BC942}") = "i3RSCGen", "i3RSCGen\i3RSCGen.vcxproj", "{4F1F248E-2F78-40C5-BBA3-8DA759F3D4DA}"
EndProject
Project("{8BC9CEB8-8B4A-11D0-8D11-00A0C91BC942}") = "PropertyEditor", "PropertyEditor\PropertyEditor.vcxproj", "{797A0301-8A07-4DFE-97ED-A57D5335BCD0}"
EndProject
Project("{8BC9CEB8-8B4A-11D0-8D11-00A0C91BC942}") = "i3PackTool", "i3PackTool\i3PackTool.vcxproj", "{DD909527-19D6-422B-B09A-FCFCC3654997}"
EndProject
Project("{8BC9CEB8-8B4A-11D0-8D11-00A0C91BC942}") = "i3ShaderManager", "i3ShaderManager\i3ShaderManager.vcxproj", "{77A76717-8BFF-453E-94BC-EAD930C3A7A7}"
EndProject
Project("{8BC9CEB8-8B4A-11D0-8D11-00A0C91BC942}") = "I3S_Check", "I3S_Check\I3S_Check.vcxproj", "{E9FD8325-0C0F-44E9-98E4-CF3869F4E855}"
EndProject
Project("{8BC9CEB8-8B4A-11D0-8D11-00A0C91BC942}") = "i3Dump", "i3Dump\i3Dump.vcxproj", "{265914E5-5A47-40E0-B783-99C52657DFC8}"
EndProject
Project("{8BC9CEB8-8B4A-11D0-8D11-00A0C91BC942}") = "i3VLogger", "i3VLogger\i3VLogger.vcxproj", "{C4BBE313-86E5-4958-AE0D-C4569EE04FE6}"
EndProject
Project("{8BC9CEB8-8B4A-11D0-8D11-00A0C91BC942}") = "AnimOpt", "AnimOpt\AnimOpt.vcxproj", "{E91AD0BF-F971-4EEA-9417-CCDBA7F291A1}"
EndProject
Project("{8BC9CEB8-8B4A-11D0-8D11-00A0C91BC942}") = "i3Viewer2", "i3Viewer2\i3Viewer2.vcxproj", "{E33119E9-884E-4915-8AF2-958522C8A473}"
EndProject
Project("{8BC9CEB8-8B4A-11D0-8D11-00A0C91BC942}") = "i3GuiOpt", "i3GuiOpt\i3GuiOpt.vcxproj", "{4BFEC18E-243B-4AA4-B45F-6ECB34DDA5D1}"
EndProject
Project("{8BC9CEB8-8B4A-11D0-8D11-00A0C91BC942}") = "NationEditor", "NationEditor\NationEditor.vcxproj", "{70B954D2-8CEA-4D0F-B2D4-12B606A07DAD}"
EndProject
Project("{8BC9CEB8-8B4A-11D0-8D11-00A0C91BC942}") = "i3LuaCompiler", "i3LuaCompiler\i3LuaCompiler.vcxproj", "{3C5A27AE-0DE4-4B26-A8B0-16B35E67CC04}"
EndProject
Project("{8BC9CEB8-8B4A-11D0-8D11-00A0C91BC942}") = "i3EffectEditor", "i3EffectEditor\i3EffectEditor.vcxproj", "{306110D9-BE8A-4790-8D2C-84B46C4421F9}"
EndProject
Project("{8BC9CEB8-8B4A-11D0-8D11-00A0C91BC942}") = "i3ImageViewer", "i3ImageViewer\i3ImageViewer.vcxproj", "{23FB08C5-E3D1-4343-B1E9-72B6F0323759}"
EndProject
Project("{8BC9CEB8-8B4A-11D0-8D11-00A0C91BC942}") = "i3UIEditorEx", "i3UIEditorEx\i3UIEditor.vcxproj", "{C48B6042-D5D7-4D22-B7B1-12C0ECCD25D1}"
EndProject
Project("{8BC9CEB8-8B4A-11D0-8D11-00A0C91BC942}") = "i3CharaEditor", "i3CharaEditor\i3CharaEditor.vcxproj", "{A3924753-4549-423A-812B-FB8B1581B050}"
EndProject
Project("{8BC9CEB8-8B4A-11D0-8D11-00A0C91BC942}") = "i3GuiEditor", "i3GuiEditor\i3GuiEditor.vcxproj", "{9B9BB7E2-9FDF-456B-9B18-6500F3A1A9AC}"
EndProject
Project("{8BC9CEB8-8B4A-11D0-8D11-00A0C91BC942}") = "i3ImageMakeAndViewer", "i3ImageMaker&Viewer\i3ImageMakeAndViewer.vcxproj", "{FCA283E0-C06E-46C9-AF7C-CF818CDC4B6F}"
EndProject
Project("{8BC9CEB8-8B4A-11D0-8D11-00A0C91BC942}") = "ToolAM", "ToolAutomation\ToolAM.vcxproj", "{4ED271B0-8C15-4816-809E-3A9FB53CAE17}"
EndProject
Project("{8BC9CEB8-8B4A-11D0-8D11-00A0C91BC942}") = "LiveManager", "LiveManager\LiveManager.vcxproj", "{86B599C8-B04A-4FE7-B461-C55DCBD88859}"
EndProject
Project("{8BC9CEB8-8B4A-11D0-8D11-00A0C91BC942}") = "i3UIAnimation", "i3UIAnimation\i3UIAnimation.vcxproj", "{ACC7AD58-B8B6-4028-AEB4-271A80AF3D5F}"
EndProject
Global
	GlobalSection(SolutionConfigurationPlatforms) = preSolution
		Debug|Win32 = Debug|Win32
		Debug|x64 = Debug|x64
		Distribute_MAX2011|Win32 = Distribute_MAX2011|Win32
		Distribute_MAX2011|x64 = Distribute_MAX2011|x64
		Distribute|Win32 = Distribute|Win32
		Distribute|x64 = Distribute|x64
		Release|Win32 = Release|Win32
		Release|x64 = Release|x64
	EndGlobalSection
	GlobalSection(ProjectConfigurationPlatforms) = postSolution
		{882900FC-2427-4A65-ADD4-B250E8ECAD21}.Debug|Win32.ActiveCfg = Debug|Win32
		{882900FC-2427-4A65-ADD4-B250E8ECAD21}.Debug|Win32.Build.0 = Debug|Win32
		{882900FC-2427-4A65-ADD4-B250E8ECAD21}.Debug|x64.ActiveCfg = Debug|Win32
		{882900FC-2427-4A65-ADD4-B250E8ECAD21}.Distribute_MAX2011|Win32.ActiveCfg = Distribute|Win32
		{882900FC-2427-4A65-ADD4-B250E8ECAD21}.Distribute_MAX2011|Win32.Build.0 = Distribute|Win32
		{882900FC-2427-4A65-ADD4-B250E8ECAD21}.Distribute_MAX2011|x64.ActiveCfg = Distribute|Win32
		{882900FC-2427-4A65-ADD4-B250E8ECAD21}.Distribute_MAX2011|x64.Build.0 = Distribute|Win32
		{882900FC-2427-4A65-ADD4-B250E8ECAD21}.Distribute|Win32.ActiveCfg = Distribute|Win32
		{882900FC-2427-4A65-ADD4-B250E8ECAD21}.Distribute|Win32.Build.0 = Distribute|Win32
		{882900FC-2427-4A65-ADD4-B250E8ECAD21}.Distribute|x64.ActiveCfg = Distribute|Win32
		{882900FC-2427-4A65-ADD4-B250E8ECAD21}.Release|Win32.ActiveCfg = Distribute|Win32
		{882900FC-2427-4A65-ADD4-B250E8ECAD21}.Release|Win32.Build.0 = Distribute|Win32
		{882900FC-2427-4A65-ADD4-B250E8ECAD21}.Release|x64.ActiveCfg = Distribute|Win32
		{882900FC-2427-4A65-ADD4-B250E8ECAD21}.Release|x64.Build.0 = Distribute|Win32
		{0028E532-A9E0-4EE5-9805-5389D5061F7D}.Debug|Win32.ActiveCfg = Debug_MAX2011|Win32
		{0028E532-A9E0-4EE5-9805-5389D5061F7D}.Debug|x64.ActiveCfg = Debug_Max2013|Win32
		{0028E532-A9E0-4EE5-9805-5389D5061F7D}.Debug|x64.Build.0 = Debug_Max2013|Win32
		{0028E532-A9E0-4EE5-9805-5389D5061F7D}.Distribute_MAX2011|Win32.ActiveCfg = Distribute_MAX2011|Win32
		{0028E532-A9E0-4EE5-9805-5389D5061F7D}.Distribute_MAX2011|Win32.Build.0 = Distribute_MAX2011|Win32
		{0028E532-A9E0-4EE5-9805-5389D5061F7D}.Distribute_MAX2011|x64.ActiveCfg = Distribute_MAX2011|Win32
		{0028E532-A9E0-4EE5-9805-5389D5061F7D}.Distribute|Win32.ActiveCfg = Distribute_MAX2010|Win32
		{0028E532-A9E0-4EE5-9805-5389D5061F7D}.Distribute|Win32.Build.0 = Distribute_MAX2010|Win32
		{0028E532-A9E0-4EE5-9805-5389D5061F7D}.Distribute|x64.ActiveCfg = Debug_Max2013|Win32
		{0028E532-A9E0-4EE5-9805-5389D5061F7D}.Distribute|x64.Build.0 = Debug_Max2013|Win32
		{0028E532-A9E0-4EE5-9805-5389D5061F7D}.Release|Win32.ActiveCfg = Distribute_MAX2011|Win32
		{0028E532-A9E0-4EE5-9805-5389D5061F7D}.Release|Win32.Build.0 = Distribute_MAX2011|Win32
		{0028E532-A9E0-4EE5-9805-5389D5061F7D}.Release|x64.ActiveCfg = Debug_Max2013|Win32
		{0028E532-A9E0-4EE5-9805-5389D5061F7D}.Release|x64.Build.0 = Debug_Max2013|Win32
		{73CBAD3C-4B34-424B-B27E-69B813F15A49}.Debug|Win32.ActiveCfg = Debug|Win32
		{73CBAD3C-4B34-424B-B27E-69B813F15A49}.Debug|Win32.Build.0 = Debug|Win32
		{73CBAD3C-4B34-424B-B27E-69B813F15A49}.Debug|x64.ActiveCfg = Debug|Win32
		{73CBAD3C-4B34-424B-B27E-69B813F15A49}.Distribute_MAX2011|Win32.ActiveCfg = Distribute|Win32
		{73CBAD3C-4B34-424B-B27E-69B813F15A49}.Distribute_MAX2011|Win32.Build.0 = Distribute|Win32
		{73CBAD3C-4B34-424B-B27E-69B813F15A49}.Distribute_MAX2011|x64.ActiveCfg = Distribute|Win32
		{73CBAD3C-4B34-424B-B27E-69B813F15A49}.Distribute_MAX2011|x64.Build.0 = Distribute|Win32
		{73CBAD3C-4B34-424B-B27E-69B813F15A49}.Distribute|Win32.ActiveCfg = Distribute|Win32
		{73CBAD3C-4B34-424B-B27E-69B813F15A49}.Distribute|Win32.Build.0 = Distribute|Win32
		{73CBAD3C-4B34-424B-B27E-69B813F15A49}.Distribute|x64.ActiveCfg = Distribute|Win32
		{73CBAD3C-4B34-424B-B27E-69B813F15A49}.Release|Win32.ActiveCfg = Distribute|Win32
		{73CBAD3C-4B34-424B-B27E-69B813F15A49}.Release|Win32.Build.0 = Distribute|Win32
		{73CBAD3C-4B34-424B-B27E-69B813F15A49}.Release|x64.ActiveCfg = Distribute|Win32
		{73CBAD3C-4B34-424B-B27E-69B813F15A49}.Release|x64.Build.0 = Distribute|Win32
		{F8BE34DE-0D17-4415-B3FD-1D8C2F560E24}.Debug|Win32.ActiveCfg = Debug|Win32
		{F8BE34DE-0D17-4415-B3FD-1D8C2F560E24}.Debug|Win32.Build.0 = Debug|Win32
		{F8BE34DE-0D17-4415-B3FD-1D8C2F560E24}.Debug|x64.ActiveCfg = Debug|Win32
		{F8BE34DE-0D17-4415-B3FD-1D8C2F560E24}.Distribute_MAX2011|Win32.ActiveCfg = Distribute|Win32
		{F8BE34DE-0D17-4415-B3FD-1D8C2F560E24}.Distribute_MAX2011|Win32.Build.0 = Distribute|Win32
		{F8BE34DE-0D17-4415-B3FD-1D8C2F560E24}.Distribute_MAX2011|x64.ActiveCfg = Distribute|Win32
		{F8BE34DE-0D17-4415-B3FD-1D8C2F560E24}.Distribute_MAX2011|x64.Build.0 = Distribute|Win32
		{F8BE34DE-0D17-4415-B3FD-1D8C2F560E24}.Distribute|Win32.ActiveCfg = Distribute|Win32
		{F8BE34DE-0D17-4415-B3FD-1D8C2F560E24}.Distribute|Win32.Build.0 = Distribute|Win32
		{F8BE34DE-0D17-4415-B3FD-1D8C2F560E24}.Distribute|x64.ActiveCfg = Distribute|Win32
		{F8BE34DE-0D17-4415-B3FD-1D8C2F560E24}.Release|Win32.ActiveCfg = Distribute|Win32
		{F8BE34DE-0D17-4415-B3FD-1D8C2F560E24}.Release|Win32.Build.0 = Distribute|Win32
		{F8BE34DE-0D17-4415-B3FD-1D8C2F560E24}.Release|x64.ActiveCfg = Distribute|Win32
		{F8BE34DE-0D17-4415-B3FD-1D8C2F560E24}.Release|x64.Build.0 = Distribute|Win32
		{9F0FF2DB-6599-458C-9E9A-BE3DF0A9AE88}.Debug|Win32.ActiveCfg = Debug|Win32
		{9F0FF2DB-6599-458C-9E9A-BE3DF0A9AE88}.Debug|Win32.Build.0 = Debug|Win32
		{9F0FF2DB-6599-458C-9E9A-BE3DF0A9AE88}.Debug|x64.ActiveCfg = Debug|Win32
		{9F0FF2DB-6599-458C-9E9A-BE3DF0A9AE88}.Distribute_MAX2011|Win32.ActiveCfg = Distribute|Win32
		{9F0FF2DB-6599-458C-9E9A-BE3DF0A9AE88}.Distribute_MAX2011|Win32.Build.0 = Distribute|Win32
		{9F0FF2DB-6599-458C-9E9A-BE3DF0A9AE88}.Distribute_MAX2011|x64.ActiveCfg = Distribute|Win32
		{9F0FF2DB-6599-458C-9E9A-BE3DF0A9AE88}.Distribute_MAX2011|x64.Build.0 = Distribute|Win32
		{9F0FF2DB-6599-458C-9E9A-BE3DF0A9AE88}.Distribute|Win32.ActiveCfg = Distribute|Win32
		{9F0FF2DB-6599-458C-9E9A-BE3DF0A9AE88}.Distribute|Win32.Build.0 = Distribute|Win32
		{9F0FF2DB-6599-458C-9E9A-BE3DF0A9AE88}.Distribute|x64.ActiveCfg = Distribute|Win32
		{9F0FF2DB-6599-458C-9E9A-BE3DF0A9AE88}.Release|Win32.ActiveCfg = Distribute|Win32
		{9F0FF2DB-6599-458C-9E9A-BE3DF0A9AE88}.Release|Win32.Build.0 = Distribute|Win32
		{9F0FF2DB-6599-458C-9E9A-BE3DF0A9AE88}.Release|x64.ActiveCfg = Distribute|Win32
		{9F0FF2DB-6599-458C-9E9A-BE3DF0A9AE88}.Release|x64.Build.0 = Distribute|Win32
		{ACC2E7D9-DEEE-4DF6-83F4-6D18F2F672CD}.Debug|Win32.ActiveCfg = Debug|Win32
		{ACC2E7D9-DEEE-4DF6-83F4-6D18F2F672CD}.Debug|Win32.Build.0 = Debug|Win32
		{ACC2E7D9-DEEE-4DF6-83F4-6D18F2F672CD}.Debug|x64.ActiveCfg = Debug|Win32
		{ACC2E7D9-DEEE-4DF6-83F4-6D18F2F672CD}.Distribute_MAX2011|Win32.ActiveCfg = Distribute|Win32
		{ACC2E7D9-DEEE-4DF6-83F4-6D18F2F672CD}.Distribute_MAX2011|Win32.Build.0 = Distribute|Win32
		{ACC2E7D9-DEEE-4DF6-83F4-6D18F2F672CD}.Distribute_MAX2011|x64.ActiveCfg = Distribute|Win32
		{ACC2E7D9-DEEE-4DF6-83F4-6D18F2F672CD}.Distribute_MAX2011|x64.Build.0 = Distribute|Win32
		{ACC2E7D9-DEEE-4DF6-83F4-6D18F2F672CD}.Distribute|Win32.ActiveCfg = Distribute|Win32
		{ACC2E7D9-DEEE-4DF6-83F4-6D18F2F672CD}.Distribute|Win32.Build.0 = Distribute|Win32
		{ACC2E7D9-DEEE-4DF6-83F4-6D18F2F672CD}.Distribute|x64.ActiveCfg = Distribute|Win32
		{ACC2E7D9-DEEE-4DF6-83F4-6D18F2F672CD}.Release|Win32.ActiveCfg = Distribute|Win32
		{ACC2E7D9-DEEE-4DF6-83F4-6D18F2F672CD}.Release|Win32.Build.0 = Distribute|Win32
		{ACC2E7D9-DEEE-4DF6-83F4-6D18F2F672CD}.Release|x64.ActiveCfg = Distribute|Win32
		{ACC2E7D9-DEEE-4DF6-83F4-6D18F2F672CD}.Release|x64.Build.0 = Distribute|Win32
		{2A4BF9FB-EF2F-4313-BD8D-6C76A5B503C7}.Debug|Win32.ActiveCfg = Debug|Win32
		{2A4BF9FB-EF2F-4313-BD8D-6C76A5B503C7}.Debug|Win32.Build.0 = Debug|Win32
		{2A4BF9FB-EF2F-4313-BD8D-6C76A5B503C7}.Debug|x64.ActiveCfg = Debug|Win32
		{2A4BF9FB-EF2F-4313-BD8D-6C76A5B503C7}.Distribute_MAX2011|Win32.ActiveCfg = Distribute|Win32
		{2A4BF9FB-EF2F-4313-BD8D-6C76A5B503C7}.Distribute_MAX2011|Win32.Build.0 = Distribute|Win32
		{2A4BF9FB-EF2F-4313-BD8D-6C76A5B503C7}.Distribute_MAX2011|x64.ActiveCfg = Distribute|Win32
		{2A4BF9FB-EF2F-4313-BD8D-6C76A5B503C7}.Distribute_MAX2011|x64.Build.0 = Distribute|Win32
		{2A4BF9FB-EF2F-4313-BD8D-6C76A5B503C7}.Distribute|Win32.ActiveCfg = Distribute|Win32
		{2A4BF9FB-EF2F-4313-BD8D-6C76A5B503C7}.Distribute|Win32.Build.0 = Distribute|Win32
		{2A4BF9FB-EF2F-4313-BD8D-6C76A5B503C7}.Distribute|x64.ActiveCfg = Distribute|Win32
		{2A4BF9FB-EF2F-4313-BD8D-6C76A5B503C7}.Release|Win32.ActiveCfg = Distribute|Win32
		{2A4BF9FB-EF2F-4313-BD8D-6C76A5B503C7}.Release|Win32.Build.0 = Distribute|Win32
		{2A4BF9FB-EF2F-4313-BD8D-6C76A5B503C7}.Release|x64.ActiveCfg = Distribute|Win32
		{2A4BF9FB-EF2F-4313-BD8D-6C76A5B503C7}.Release|x64.Build.0 = Distribute|Win32
		{4F1F248E-2F78-40C5-BBA3-8DA759F3D4DA}.Debug|Win32.ActiveCfg = Debug|Win32
		{4F1F248E-2F78-40C5-BBA3-8DA759F3D4DA}.Debug|Win32.Build.0 = Debug|Win32
		{4F1F248E-2F78-40C5-BBA3-8DA759F3D4DA}.Debug|x64.ActiveCfg = Debug|Win32
		{4F1F248E-2F78-40C5-BBA3-8DA759F3D4DA}.Distribute_MAX2011|Win32.ActiveCfg = Distribute|Win32
		{4F1F248E-2F78-40C5-BBA3-8DA759F3D4DA}.Distribute_MAX2011|Win32.Build.0 = Distribute|Win32
		{4F1F248E-2F78-40C5-BBA3-8DA759F3D4DA}.Distribute_MAX2011|x64.ActiveCfg = Distribute|Win32
		{4F1F248E-2F78-40C5-BBA3-8DA759F3D4DA}.Distribute_MAX2011|x64.Build.0 = Distribute|Win32
		{4F1F248E-2F78-40C5-BBA3-8DA759F3D4DA}.Distribute|Win32.ActiveCfg = Distribute|Win32
		{4F1F248E-2F78-40C5-BBA3-8DA759F3D4DA}.Distribute|Win32.Build.0 = Distribute|Win32
		{4F1F248E-2F78-40C5-BBA3-8DA759F3D4DA}.Distribute|x64.ActiveCfg = Distribute|Win32
		{4F1F248E-2F78-40C5-BBA3-8DA759F3D4DA}.Release|Win32.ActiveCfg = Distribute|Win32
		{4F1F248E-2F78-40C5-BBA3-8DA759F3D4DA}.Release|Win32.Build.0 = Distribute|Win32
		{4F1F248E-2F78-40C5-BBA3-8DA759F3D4DA}.Release|x64.ActiveCfg = Distribute|Win32
		{4F1F248E-2F78-40C5-BBA3-8DA759F3D4DA}.Release|x64.Build.0 = Distribute|Win32
		{797A0301-8A07-4DFE-97ED-A57D5335BCD0}.Debug|Win32.ActiveCfg = Debug|Win32
		{797A0301-8A07-4DFE-97ED-A57D5335BCD0}.Debug|Win32.Build.0 = Debug|Win32
		{797A0301-8A07-4DFE-97ED-A57D5335BCD0}.Debug|x64.ActiveCfg = Debug|Win32
		{797A0301-8A07-4DFE-97ED-A57D5335BCD0}.Distribute_MAX2011|Win32.ActiveCfg = Distribute|Win32
		{797A0301-8A07-4DFE-97ED-A57D5335BCD0}.Distribute_MAX2011|Win32.Build.0 = Distribute|Win32
		{797A0301-8A07-4DFE-97ED-A57D5335BCD0}.Distribute_MAX2011|x64.ActiveCfg = Distribute|Win32
		{797A0301-8A07-4DFE-97ED-A57D5335BCD0}.Distribute_MAX2011|x64.Build.0 = Distribute|Win32
		{797A0301-8A07-4DFE-97ED-A57D5335BCD0}.Distribute|Win32.ActiveCfg = Distribute|Win32
		{797A0301-8A07-4DFE-97ED-A57D5335BCD0}.Distribute|Win32.Build.0 = Distribute|Win32
		{797A0301-8A07-4DFE-97ED-A57D5335BCD0}.Distribute|x64.ActiveCfg = Distribute|Win32
		{797A0301-8A07-4DFE-97ED-A57D5335BCD0}.Release|Win32.ActiveCfg = Distribute|Win32
		{797A0301-8A07-4DFE-97ED-A57D5335BCD0}.Release|Win32.Build.0 = Distribute|Win32
		{797A0301-8A07-4DFE-97ED-A57D5335BCD0}.Release|x64.ActiveCfg = Distribute|Win32
		{797A0301-8A07-4DFE-97ED-A57D5335BCD0}.Release|x64.Build.0 = Distribute|Win32
		{DD909527-19D6-422B-B09A-FCFCC3654997}.Debug|Win32.ActiveCfg = Debug|Win32
		{DD909527-19D6-422B-B09A-FCFCC3654997}.Debug|Win32.Build.0 = Debug|Win32
		{DD909527-19D6-422B-B09A-FCFCC3654997}.Debug|x64.ActiveCfg = Debug|Win32
		{DD909527-19D6-422B-B09A-FCFCC3654997}.Distribute_MAX2011|Win32.ActiveCfg = Distribute|Win32
		{DD909527-19D6-422B-B09A-FCFCC3654997}.Distribute_MAX2011|Win32.Build.0 = Distribute|Win32
		{DD909527-19D6-422B-B09A-FCFCC3654997}.Distribute_MAX2011|x64.ActiveCfg = Distribute|Win32
		{DD909527-19D6-422B-B09A-FCFCC3654997}.Distribute_MAX2011|x64.Build.0 = Distribute|Win32
		{DD909527-19D6-422B-B09A-FCFCC3654997}.Distribute|Win32.ActiveCfg = Distribute|Win32
		{DD909527-19D6-422B-B09A-FCFCC3654997}.Distribute|Win32.Build.0 = Distribute|Win32
		{DD909527-19D6-422B-B09A-FCFCC3654997}.Distribute|x64.ActiveCfg = Distribute|Win32
		{DD909527-19D6-422B-B09A-FCFCC3654997}.Release|Win32.ActiveCfg = Distribute|Win32
		{DD909527-19D6-422B-B09A-FCFCC3654997}.Release|Win32.Build.0 = Distribute|Win32
		{DD909527-19D6-422B-B09A-FCFCC3654997}.Release|x64.ActiveCfg = Distribute|Win32
		{DD909527-19D6-422B-B09A-FCFCC3654997}.Release|x64.Build.0 = Distribute|Win32
		{77A76717-8BFF-453E-94BC-EAD930C3A7A7}.Debug|Win32.ActiveCfg = Debug|Win32
		{77A76717-8BFF-453E-94BC-EAD930C3A7A7}.Debug|Win32.Build.0 = Debug|Win32
		{77A76717-8BFF-453E-94BC-EAD930C3A7A7}.Debug|x64.ActiveCfg = Debug|Win32
		{77A76717-8BFF-453E-94BC-EAD930C3A7A7}.Distribute_MAX2011|Win32.ActiveCfg = Distribute|Win32
		{77A76717-8BFF-453E-94BC-EAD930C3A7A7}.Distribute_MAX2011|Win32.Build.0 = Distribute|Win32
		{77A76717-8BFF-453E-94BC-EAD930C3A7A7}.Distribute_MAX2011|x64.ActiveCfg = Distribute|Win32
		{77A76717-8BFF-453E-94BC-EAD930C3A7A7}.Distribute_MAX2011|x64.Build.0 = Distribute|Win32
		{77A76717-8BFF-453E-94BC-EAD930C3A7A7}.Distribute|Win32.ActiveCfg = Distribute|Win32
		{77A76717-8BFF-453E-94BC-EAD930C3A7A7}.Distribute|Win32.Build.0 = Distribute|Win32
		{77A76717-8BFF-453E-94BC-EAD930C3A7A7}.Distribute|x64.ActiveCfg = Distribute|Win32
		{77A76717-8BFF-453E-94BC-EAD930C3A7A7}.Release|Win32.ActiveCfg = Distribute|Win32
		{77A76717-8BFF-453E-94BC-EAD930C3A7A7}.Release|Win32.Build.0 = Distribute|Win32
		{77A76717-8BFF-453E-94BC-EAD930C3A7A7}.Release|x64.ActiveCfg = Distribute|Win32
		{77A76717-8BFF-453E-94BC-EAD930C3A7A7}.Release|x64.Build.0 = Distribute|Win32
		{E9FD8325-0C0F-44E9-98E4-CF3869F4E855}.Debug|Win32.ActiveCfg = Debug|Win32
		{E9FD8325-0C0F-44E9-98E4-CF3869F4E855}.Debug|Win32.Build.0 = Debug|Win32
		{E9FD8325-0C0F-44E9-98E4-CF3869F4E855}.Debug|x64.ActiveCfg = Debug|Win32
		{E9FD8325-0C0F-44E9-98E4-CF3869F4E855}.Distribute_MAX2011|Win32.ActiveCfg = Distribute|Win32
		{E9FD8325-0C0F-44E9-98E4-CF3869F4E855}.Distribute_MAX2011|Win32.Build.0 = Distribute|Win32
		{E9FD8325-0C0F-44E9-98E4-CF3869F4E855}.Distribute_MAX2011|x64.ActiveCfg = Distribute|Win32
		{E9FD8325-0C0F-44E9-98E4-CF3869F4E855}.Distribute_MAX2011|x64.Build.0 = Distribute|Win32
		{E9FD8325-0C0F-44E9-98E4-CF3869F4E855}.Distribute|Win32.ActiveCfg = Distribute|Win32
		{E9FD8325-0C0F-44E9-98E4-CF3869F4E855}.Distribute|Win32.Build.0 = Distribute|Win32
		{E9FD8325-0C0F-44E9-98E4-CF3869F4E855}.Distribute|x64.ActiveCfg = Distribute|Win32
		{E9FD8325-0C0F-44E9-98E4-CF3869F4E855}.Release|Win32.ActiveCfg = Distribute|Win32
		{E9FD8325-0C0F-44E9-98E4-CF3869F4E855}.Release|Win32.Build.0 = Distribute|Win32
		{E9FD8325-0C0F-44E9-98E4-CF3869F4E855}.Release|x64.ActiveCfg = Distribute|Win32
		{E9FD8325-0C0F-44E9-98E4-CF3869F4E855}.Release|x64.Build.0 = Distribute|Win32
		{265914E5-5A47-40E0-B783-99C52657DFC8}.Debug|Win32.ActiveCfg = Debug|Win32
		{265914E5-5A47-40E0-B783-99C52657DFC8}.Debug|Win32.Build.0 = Debug|Win32
		{265914E5-5A47-40E0-B783-99C52657DFC8}.Debug|x64.ActiveCfg = Debug|Win32
		{265914E5-5A47-40E0-B783-99C52657DFC8}.Distribute_MAX2011|Win32.ActiveCfg = Distribute|Win32
		{265914E5-5A47-40E0-B783-99C52657DFC8}.Distribute_MAX2011|Win32.Build.0 = Distribute|Win32
		{265914E5-5A47-40E0-B783-99C52657DFC8}.Distribute_MAX2011|x64.ActiveCfg = Distribute|Win32
		{265914E5-5A47-40E0-B783-99C52657DFC8}.Distribute_MAX2011|x64.Build.0 = Distribute|Win32
		{265914E5-5A47-40E0-B783-99C52657DFC8}.Distribute|Win32.ActiveCfg = Distribute|Win32
		{265914E5-5A47-40E0-B783-99C52657DFC8}.Distribute|Win32.Build.0 = Distribute|Win32
		{265914E5-5A47-40E0-B783-99C52657DFC8}.Distribute|x64.ActiveCfg = Distribute|Win32
		{265914E5-5A47-40E0-B783-99C52657DFC8}.Release|Win32.ActiveCfg = Distribute|Win32
		{265914E5-5A47-40E0-B783-99C52657DFC8}.Release|Win32.Build.0 = Distribute|Win32
		{265914E5-5A47-40E0-B783-99C52657DFC8}.Release|x64.ActiveCfg = Distribute|Win32
		{265914E5-5A47-40E0-B783-99C52657DFC8}.Release|x64.Build.0 = Distribute|Win32
		{C4BBE313-86E5-4958-AE0D-C4569EE04FE6}.Debug|Win32.ActiveCfg = Debug|Win32
		{C4BBE313-86E5-4958-AE0D-C4569EE04FE6}.Debug|Win32.Build.0 = Debug|Win32
		{C4BBE313-86E5-4958-AE0D-C4569EE04FE6}.Debug|x64.ActiveCfg = Debug|Win32
		{C4BBE313-86E5-4958-AE0D-C4569EE04FE6}.Distribute_MAX2011|Win32.ActiveCfg = Distribute|Win32
		{C4BBE313-86E5-4958-AE0D-C4569EE04FE6}.Distribute_MAX2011|Win32.Build.0 = Distribute|Win32
		{C4BBE313-86E5-4958-AE0D-C4569EE04FE6}.Distribute_MAX2011|x64.ActiveCfg = Distribute|Win32
		{C4BBE313-86E5-4958-AE0D-C4569EE04FE6}.Distribute_MAX2011|x64.Build.0 = Distribute|Win32
		{C4BBE313-86E5-4958-AE0D-C4569EE04FE6}.Distribute|Win32.ActiveCfg = Distribute|Win32
		{C4BBE313-86E5-4958-AE0D-C4569EE04FE6}.Distribute|Win32.Build.0 = Distribute|Win32
		{C4BBE313-86E5-4958-AE0D-C4569EE04FE6}.Distribute|x64.ActiveCfg = Distribute|Win32
		{C4BBE313-86E5-4958-AE0D-C4569EE04FE6}.Release|Win32.ActiveCfg = Distribute|Win32
		{C4BBE313-86E5-4958-AE0D-C4569EE04FE6}.Release|Win32.Build.0 = Distribute|Win32
		{C4BBE313-86E5-4958-AE0D-C4569EE04FE6}.Release|x64.ActiveCfg = Distribute|Win32
		{C4BBE313-86E5-4958-AE0D-C4569EE04FE6}.Release|x64.Build.0 = Distribute|Win32
		{E91AD0BF-F971-4EEA-9417-CCDBA7F291A1}.Debug|Win32.ActiveCfg = Debug|Win32
		{E91AD0BF-F971-4EEA-9417-CCDBA7F291A1}.Debug|Win32.Build.0 = Debug|Win32
		{E91AD0BF-F971-4EEA-9417-CCDBA7F291A1}.Debug|x64.ActiveCfg = Debug|Win32
		{E91AD0BF-F971-4EEA-9417-CCDBA7F291A1}.Distribute_MAX2011|Win32.ActiveCfg = Distribute|Win32
		{E91AD0BF-F971-4EEA-9417-CCDBA7F291A1}.Distribute_MAX2011|Win32.Build.0 = Distribute|Win32
		{E91AD0BF-F971-4EEA-9417-CCDBA7F291A1}.Distribute_MAX2011|x64.ActiveCfg = Distribute|Win32
		{E91AD0BF-F971-4EEA-9417-CCDBA7F291A1}.Distribute_MAX2011|x64.Build.0 = Distribute|Win32
		{E91AD0BF-F971-4EEA-9417-CCDBA7F291A1}.Distribute|Win32.ActiveCfg = Distribute|Win32
		{E91AD0BF-F971-4EEA-9417-CCDBA7F291A1}.Distribute|Win32.Build.0 = Distribute|Win32
		{E91AD0BF-F971-4EEA-9417-CCDBA7F291A1}.Distribute|x64.ActiveCfg = Distribute|Win32
		{E91AD0BF-F971-4EEA-9417-CCDBA7F291A1}.Release|Win32.ActiveCfg = Distribute|Win32
		{E91AD0BF-F971-4EEA-9417-CCDBA7F291A1}.Release|Win32.Build.0 = Distribute|Win32
		{E91AD0BF-F971-4EEA-9417-CCDBA7F291A1}.Release|x64.ActiveCfg = Distribute|Win32
		{E91AD0BF-F971-4EEA-9417-CCDBA7F291A1}.Release|x64.Build.0 = Distribute|Win32
		{E33119E9-884E-4915-8AF2-958522C8A473}.Debug|Win32.ActiveCfg = Debug|Win32
		{E33119E9-884E-4915-8AF2-958522C8A473}.Debug|Win32.Build.0 = Debug|Win32
		{E33119E9-884E-4915-8AF2-958522C8A473}.Debug|x64.ActiveCfg = Debug|Win32
		{E33119E9-884E-4915-8AF2-958522C8A473}.Distribute_MAX2011|Win32.ActiveCfg = Distribute|Win32
		{E33119E9-884E-4915-8AF2-958522C8A473}.Distribute_MAX2011|Win32.Build.0 = Distribute|Win32
		{E33119E9-884E-4915-8AF2-958522C8A473}.Distribute_MAX2011|x64.ActiveCfg = Distribute|Win32
		{E33119E9-884E-4915-8AF2-958522C8A473}.Distribute_MAX2011|x64.Build.0 = Distribute|Win32
		{E33119E9-884E-4915-8AF2-958522C8A473}.Distribute|Win32.ActiveCfg = Distribute|Win32
		{E33119E9-884E-4915-8AF2-958522C8A473}.Distribute|Win32.Build.0 = Distribute|Win32
		{E33119E9-884E-4915-8AF2-958522C8A473}.Distribute|x64.ActiveCfg = Distribute|Win32
		{E33119E9-884E-4915-8AF2-958522C8A473}.Release|Win32.ActiveCfg = Distribute|Win32
		{E33119E9-884E-4915-8AF2-958522C8A473}.Release|Win32.Build.0 = Distribute|Win32
		{E33119E9-884E-4915-8AF2-958522C8A473}.Release|x64.ActiveCfg = Distribute|Win32
		{E33119E9-884E-4915-8AF2-958522C8A473}.Release|x64.Build.0 = Distribute|Win32
		{4BFEC18E-243B-4AA4-B45F-6ECB34DDA5D1}.Debug|Win32.ActiveCfg = Debug|Win32
		{4BFEC18E-243B-4AA4-B45F-6ECB34DDA5D1}.Debug|Win32.Build.0 = Debug|Win32
		{4BFEC18E-243B-4AA4-B45F-6ECB34DDA5D1}.Debug|x64.ActiveCfg = Debug|Win32
		{4BFEC18E-243B-4AA4-B45F-6ECB34DDA5D1}.Distribute_MAX2011|Win32.ActiveCfg = Distribute|Win32
		{4BFEC18E-243B-4AA4-B45F-6ECB34DDA5D1}.Distribute_MAX2011|Win32.Build.0 = Distribute|Win32
		{4BFEC18E-243B-4AA4-B45F-6ECB34DDA5D1}.Distribute_MAX2011|x64.ActiveCfg = Distribute|Win32
		{4BFEC18E-243B-4AA4-B45F-6ECB34DDA5D1}.Distribute_MAX2011|x64.Build.0 = Distribute|Win32
		{4BFEC18E-243B-4AA4-B45F-6ECB34DDA5D1}.Distribute|Win32.ActiveCfg = Distribute|Win32
		{4BFEC18E-243B-4AA4-B45F-6ECB34DDA5D1}.Distribute|Win32.Build.0 = Distribute|Win32
		{4BFEC18E-243B-4AA4-B45F-6ECB34DDA5D1}.Distribute|x64.ActiveCfg = Distribute|Win32
		{4BFEC18E-243B-4AA4-B45F-6ECB34DDA5D1}.Release|Win32.ActiveCfg = Distribute|Win32
		{4BFEC18E-243B-4AA4-B45F-6ECB34DDA5D1}.Release|Win32.Build.0 = Distribute|Win32
		{4BFEC18E-243B-4AA4-B45F-6ECB34DDA5D1}.Release|x64.ActiveCfg = Distribute|Win32
		{4BFEC18E-243B-4AA4-B45F-6ECB34DDA5D1}.Release|x64.Build.0 = Distribute|Win32
		{70B954D2-8CEA-4D0F-B2D4-12B606A07DAD}.Debug|Win32.ActiveCfg = Debug|Win32
		{70B954D2-8CEA-4D0F-B2D4-12B606A07DAD}.Debug|Win32.Build.0 = Debug|Win32
		{70B954D2-8CEA-4D0F-B2D4-12B606A07DAD}.Debug|x64.ActiveCfg = Debug|Win32
		{70B954D2-8CEA-4D0F-B2D4-12B606A07DAD}.Distribute_MAX2011|Win32.ActiveCfg = Distribute|Win32
		{70B954D2-8CEA-4D0F-B2D4-12B606A07DAD}.Distribute_MAX2011|Win32.Build.0 = Distribute|Win32
		{70B954D2-8CEA-4D0F-B2D4-12B606A07DAD}.Distribute_MAX2011|x64.ActiveCfg = Distribute|Win32
		{70B954D2-8CEA-4D0F-B2D4-12B606A07DAD}.Distribute_MAX2011|x64.Build.0 = Distribute|Win32
		{70B954D2-8CEA-4D0F-B2D4-12B606A07DAD}.Distribute|Win32.ActiveCfg = Distribute|Win32
		{70B954D2-8CEA-4D0F-B2D4-12B606A07DAD}.Distribute|Win32.Build.0 = Distribute|Win32
		{70B954D2-8CEA-4D0F-B2D4-12B606A07DAD}.Distribute|x64.ActiveCfg = Distribute|Win32
		{70B954D2-8CEA-4D0F-B2D4-12B606A07DAD}.Release|Win32.ActiveCfg = Distribute|Win32
		{70B954D2-8CEA-4D0F-B2D4-12B606A07DAD}.Release|Win32.Build.0 = Distribute|Win32
		{70B954D2-8CEA-4D0F-B2D4-12B606A07DAD}.Release|x64.ActiveCfg = Distribute|Win32
		{70B954D2-8CEA-4D0F-B2D4-12B606A07DAD}.Release|x64.Build.0 = Distribute|Win32
		{3C5A27AE-0DE4-4B26-A8B0-16B35E67CC04}.Debug|Win32.ActiveCfg = Debug|Win32
		{3C5A27AE-0DE4-4B26-A8B0-16B35E67CC04}.Debug|Win32.Build.0 = Debug|Win32
		{3C5A27AE-0DE4-4B26-A8B0-16B35E67CC04}.Debug|x64.ActiveCfg = Debug|Win32
		{3C5A27AE-0DE4-4B26-A8B0-16B35E67CC04}.Distribute_MAX2011|Win32.ActiveCfg = Distribute|Win32
		{3C5A27AE-0DE4-4B26-A8B0-16B35E67CC04}.Distribute_MAX2011|Win32.Build.0 = Distribute|Win32
		{3C5A27AE-0DE4-4B26-A8B0-16B35E67CC04}.Distribute_MAX2011|x64.ActiveCfg = Distribute|Win32
		{3C5A27AE-0DE4-4B26-A8B0-16B35E67CC04}.Distribute_MAX2011|x64.Build.0 = Distribute|Win32
		{3C5A27AE-0DE4-4B26-A8B0-16B35E67CC04}.Distribute|Win32.ActiveCfg = Distribute|Win32
		{3C5A27AE-0DE4-4B26-A8B0-16B35E67CC04}.Distribute|Win32.Build.0 = Distribute|Win32
		{3C5A27AE-0DE4-4B26-A8B0-16B35E67CC04}.Distribute|x64.ActiveCfg = Distribute|Win32
		{3C5A27AE-0DE4-4B26-A8B0-16B35E67CC04}.Release|Win32.ActiveCfg = Distribute|Win32
		{3C5A27AE-0DE4-4B26-A8B0-16B35E67CC04}.Release|Win32.Build.0 = Distribute|Win32
		{3C5A27AE-0DE4-4B26-A8B0-16B35E67CC04}.Release|x64.ActiveCfg = Distribute|Win32
		{3C5A27AE-0DE4-4B26-A8B0-16B35E67CC04}.Release|x64.Build.0 = Distribute|Win32
		{306110D9-BE8A-4790-8D2C-84B46C4421F9}.Debug|Win32.ActiveCfg = Debug|Win32
		{306110D9-BE8A-4790-8D2C-84B46C4421F9}.Debug|Win32.Build.0 = Debug|Win32
		{306110D9-BE8A-4790-8D2C-84B46C4421F9}.Debug|x64.ActiveCfg = Debug|Win32
		{306110D9-BE8A-4790-8D2C-84B46C4421F9}.Distribute_MAX2011|Win32.ActiveCfg = Distribute|Win32
		{306110D9-BE8A-4790-8D2C-84B46C4421F9}.Distribute_MAX2011|Win32.Build.0 = Distribute|Win32
		{306110D9-BE8A-4790-8D2C-84B46C4421F9}.Distribute_MAX2011|x64.ActiveCfg = Distribute|Win32
		{306110D9-BE8A-4790-8D2C-84B46C4421F9}.Distribute_MAX2011|x64.Build.0 = Distribute|Win32
		{306110D9-BE8A-4790-8D2C-84B46C4421F9}.Distribute|Win32.ActiveCfg = Distribute|Win32
		{306110D9-BE8A-4790-8D2C-84B46C4421F9}.Distribute|Win32.Build.0 = Distribute|Win32
		{306110D9-BE8A-4790-8D2C-84B46C4421F9}.Distribute|x64.ActiveCfg = Distribute|Win32
		{306110D9-BE8A-4790-8D2C-84B46C4421F9}.Release|Win32.ActiveCfg = Distribute|Win32
		{306110D9-BE8A-4790-8D2C-84B46C4421F9}.Release|Win32.Build.0 = Distribute|Win32
		{306110D9-BE8A-4790-8D2C-84B46C4421F9}.Release|x64.ActiveCfg = Distribute|Win32
		{306110D9-BE8A-4790-8D2C-84B46C4421F9}.Release|x64.Build.0 = Distribute|Win32
		{23FB08C5-E3D1-4343-B1E9-72B6F0323759}.Debug|Win32.ActiveCfg = Debug|Win32
		{23FB08C5-E3D1-4343-B1E9-72B6F0323759}.Debug|Win32.Build.0 = Debug|Win32
		{23FB08C5-E3D1-4343-B1E9-72B6F0323759}.Debug|x64.ActiveCfg = Debug|Win32
		{23FB08C5-E3D1-4343-B1E9-72B6F0323759}.Distribute_MAX2011|Win32.ActiveCfg = Distribute|Win32
		{23FB08C5-E3D1-4343-B1E9-72B6F0323759}.Distribute_MAX2011|Win32.Build.0 = Distribute|Win32
		{23FB08C5-E3D1-4343-B1E9-72B6F0323759}.Distribute_MAX2011|x64.ActiveCfg = Distribute|Win32
		{23FB08C5-E3D1-4343-B1E9-72B6F0323759}.Distribute_MAX2011|x64.Build.0 = Distribute|Win32
		{23FB08C5-E3D1-4343-B1E9-72B6F0323759}.Distribute|Win32.ActiveCfg = Distribute|Win32
		{23FB08C5-E3D1-4343-B1E9-72B6F0323759}.Distribute|Win32.Build.0 = Distribute|Win32
		{23FB08C5-E3D1-4343-B1E9-72B6F0323759}.Distribute|x64.ActiveCfg = Distribute|Win32
		{23FB08C5-E3D1-4343-B1E9-72B6F0323759}.Release|Win32.ActiveCfg = Distribute|Win32
		{23FB08C5-E3D1-4343-B1E9-72B6F0323759}.Release|Win32.Build.0 = Distribute|Win32
		{23FB08C5-E3D1-4343-B1E9-72B6F0323759}.Release|x64.ActiveCfg = Distribute|Win32
		{23FB08C5-E3D1-4343-B1E9-72B6F0323759}.Release|x64.Build.0 = Distribute|Win32
		{C48B6042-D5D7-4D22-B7B1-12C0ECCD25D1}.Debug|Win32.ActiveCfg = Debug|Win32
		{C48B6042-D5D7-4D22-B7B1-12C0ECCD25D1}.Debug|Win32.Build.0 = Debug|Win32
		{C48B6042-D5D7-4D22-B7B1-12C0ECCD25D1}.Debug|x64.ActiveCfg = Debug|Win32
		{C48B6042-D5D7-4D22-B7B1-12C0ECCD25D1}.Distribute_MAX2011|Win32.ActiveCfg = Distribute|Win32
		{C48B6042-D5D7-4D22-B7B1-12C0ECCD25D1}.Distribute_MAX2011|Win32.Build.0 = Distribute|Win32
		{C48B6042-D5D7-4D22-B7B1-12C0ECCD25D1}.Distribute_MAX2011|x64.ActiveCfg = Distribute|Win32
		{C48B6042-D5D7-4D22-B7B1-12C0ECCD25D1}.Distribute_MAX2011|x64.Build.0 = Distribute|Win32
		{C48B6042-D5D7-4D22-B7B1-12C0ECCD25D1}.Distribute|Win32.ActiveCfg = Distribute|Win32
		{C48B6042-D5D7-4D22-B7B1-12C0ECCD25D1}.Distribute|Win32.Build.0 = Distribute|Win32
		{C48B6042-D5D7-4D22-B7B1-12C0ECCD25D1}.Distribute|x64.ActiveCfg = Distribute|Win32
		{C48B6042-D5D7-4D22-B7B1-12C0ECCD25D1}.Release|Win32.ActiveCfg = Distribute|Win32
		{C48B6042-D5D7-4D22-B7B1-12C0ECCD25D1}.Release|Win32.Build.0 = Distribute|Win32
		{C48B6042-D5D7-4D22-B7B1-12C0ECCD25D1}.Release|x64.ActiveCfg = Distribute|Win32
		{C48B6042-D5D7-4D22-B7B1-12C0ECCD25D1}.Release|x64.Build.0 = Distribute|Win32
		{A3924753-4549-423A-812B-FB8B1581B050}.Debug|Win32.ActiveCfg = Debug|Win32
		{A3924753-4549-423A-812B-FB8B1581B050}.Debug|Win32.Build.0 = Debug|Win32
		{A3924753-4549-423A-812B-FB8B1581B050}.Debug|x64.ActiveCfg = Debug|Win32
		{A3924753-4549-423A-812B-FB8B1581B050}.Distribute_MAX2011|Win32.ActiveCfg = Distribute|Win32
		{A3924753-4549-423A-812B-FB8B1581B050}.Distribute_MAX2011|Win32.Build.0 = Distribute|Win32
		{A3924753-4549-423A-812B-FB8B1581B050}.Distribute_MAX2011|x64.ActiveCfg = Distribute|Win32
		{A3924753-4549-423A-812B-FB8B1581B050}.Distribute_MAX2011|x64.Build.0 = Distribute|Win32
		{A3924753-4549-423A-812B-FB8B1581B050}.Distribute|Win32.ActiveCfg = Distribute|Win32
		{A3924753-4549-423A-812B-FB8B1581B050}.Distribute|Win32.Build.0 = Distribute|Win32
		{A3924753-4549-423A-812B-FB8B1581B050}.Distribute|x64.ActiveCfg = Distribute|Win32
		{A3924753-4549-423A-812B-FB8B1581B050}.Release|Win32.ActiveCfg = Distribute|Win32
		{A3924753-4549-423A-812B-FB8B1581B050}.Release|Win32.Build.0 = Distribute|Win32
		{A3924753-4549-423A-812B-FB8B1581B050}.Release|x64.ActiveCfg = Distribute|Win32
		{A3924753-4549-423A-812B-FB8B1581B050}.Release|x64.Build.0 = Distribute|Win32
		{9B9BB7E2-9FDF-456B-9B18-6500F3A1A9AC}.Debug|Win32.ActiveCfg = Debug|Win32
		{9B9BB7E2-9FDF-456B-9B18-6500F3A1A9AC}.Debug|Win32.Build.0 = Debug|Win32
		{9B9BB7E2-9FDF-456B-9B18-6500F3A1A9AC}.Debug|x64.ActiveCfg = Debug|Win32
		{9B9BB7E2-9FDF-456B-9B18-6500F3A1A9AC}.Distribute_MAX2011|Win32.ActiveCfg = Distribute|Win32
		{9B9BB7E2-9FDF-456B-9B18-6500F3A1A9AC}.Distribute_MAX2011|Win32.Build.0 = Distribute|Win32
		{9B9BB7E2-9FDF-456B-9B18-6500F3A1A9AC}.Distribute_MAX2011|x64.ActiveCfg = Distribute|Win32
		{9B9BB7E2-9FDF-456B-9B18-6500F3A1A9AC}.Distribute_MAX2011|x64.Build.0 = Distribute|Win32
		{9B9BB7E2-9FDF-456B-9B18-6500F3A1A9AC}.Distribute|Win32.ActiveCfg = Distribute|Win32
		{9B9BB7E2-9FDF-456B-9B18-6500F3A1A9AC}.Distribute|Win32.Build.0 = Distribute|Win32
		{9B9BB7E2-9FDF-456B-9B18-6500F3A1A9AC}.Distribute|x64.ActiveCfg = Distribute|Win32
		{9B9BB7E2-9FDF-456B-9B18-6500F3A1A9AC}.Release|Win32.ActiveCfg = Distribute|Win32
		{9B9BB7E2-9FDF-456B-9B18-6500F3A1A9AC}.Release|Win32.Build.0 = Distribute|Win32
		{9B9BB7E2-9FDF-456B-9B18-6500F3A1A9AC}.Release|x64.ActiveCfg = Distribute|Win32
		{9B9BB7E2-9FDF-456B-9B18-6500F3A1A9AC}.Release|x64.Build.0 = Distribute|Win32
		{FCA283E0-C06E-46C9-AF7C-CF818CDC4B6F}.Debug|Win32.ActiveCfg = Debug|Win32
		{FCA283E0-C06E-46C9-AF7C-CF818CDC4B6F}.Debug|Win32.Build.0 = Debug|Win32
		{FCA283E0-C06E-46C9-AF7C-CF818CDC4B6F}.Debug|x64.ActiveCfg = Debug|Win32
		{FCA283E0-C06E-46C9-AF7C-CF818CDC4B6F}.Distribute_MAX2011|Win32.ActiveCfg = Distribute|Win32
		{FCA283E0-C06E-46C9-AF7C-CF818CDC4B6F}.Distribute_MAX2011|Win32.Build.0 = Distribute|Win32
		{FCA283E0-C06E-46C9-AF7C-CF818CDC4B6F}.Distribute_MAX2011|x64.ActiveCfg = Distribute|Win32
		{FCA283E0-C06E-46C9-AF7C-CF818CDC4B6F}.Distribute_MAX2011|x64.Build.0 = Distribute|Win32
		{FCA283E0-C06E-46C9-AF7C-CF818CDC4B6F}.Distribute|Win32.ActiveCfg = Distribute|Win32
		{FCA283E0-C06E-46C9-AF7C-CF818CDC4B6F}.Distribute|Win32.Build.0 = Distribute|Win32
		{FCA283E0-C06E-46C9-AF7C-CF818CDC4B6F}.Distribute|x64.ActiveCfg = Distribute|Win32
		{FCA283E0-C06E-46C9-AF7C-CF818CDC4B6F}.Release|Win32.ActiveCfg = Distribute|Win32
		{FCA283E0-C06E-46C9-AF7C-CF818CDC4B6F}.Release|Win32.Build.0 = Distribute|Win32
		{FCA283E0-C06E-46C9-AF7C-CF818CDC4B6F}.Release|x64.ActiveCfg = Distribute|Win32
		{FCA283E0-C06E-46C9-AF7C-CF818CDC4B6F}.Release|x64.Build.0 = Distribute|Win32
		{4ED271B0-8C15-4816-809E-3A9FB53CAE17}.Debug|Win32.ActiveCfg = Debug|Win32
		{4ED271B0-8C15-4816-809E-3A9FB53CAE17}.Debug|Win32.Build.0 = Debug|Win32
		{4ED271B0-8C15-4816-809E-3A9FB53CAE17}.Debug|x64.ActiveCfg = Debug|Win32
		{4ED271B0-8C15-4816-809E-3A9FB53CAE17}.Distribute_MAX2011|Win32.ActiveCfg = Distribute|Win32
		{4ED271B0-8C15-4816-809E-3A9FB53CAE17}.Distribute_MAX2011|Win32.Build.0 = Distribute|Win32
		{4ED271B0-8C15-4816-809E-3A9FB53CAE17}.Distribute_MAX2011|x64.ActiveCfg = Distribute|Win32
		{4ED271B0-8C15-4816-809E-3A9FB53CAE17}.Distribute_MAX2011|x64.Build.0 = Distribute|Win32
		{4ED271B0-8C15-4816-809E-3A9FB53CAE17}.Distribute|Win32.ActiveCfg = Distribute|Win32
		{4ED271B0-8C15-4816-809E-3A9FB53CAE17}.Distribute|Win32.Build.0 = Distribute|Win32
		{4ED271B0-8C15-4816-809E-3A9FB53CAE17}.Distribute|x64.ActiveCfg = Distribute|Win32
		{4ED271B0-8C15-4816-809E-3A9FB53CAE17}.Release|Win32.ActiveCfg = Distribute|Win32
		{4ED271B0-8C15-4816-809E-3A9FB53CAE17}.Release|Win32.Build.0 = Distribute|Win32
		{4ED271B0-8C15-4816-809E-3A9FB53CAE17}.Release|x64.ActiveCfg = Distribute|Win32
		{4ED271B0-8C15-4816-809E-3A9FB53CAE17}.Release|x64.Build.0 = Distribute|Win32
		{86B599C8-B04A-4FE7-B461-C55DCBD88859}.Debug|Win32.ActiveCfg = Debug|Win32
		{86B599C8-B04A-4FE7-B461-C55DCBD88859}.Debug|Win32.Build.0 = Debug|Win32
		{86B599C8-B04A-4FE7-B461-C55DCBD88859}.Debug|x64.ActiveCfg = Debug|Win32
		{86B599C8-B04A-4FE7-B461-C55DCBD88859}.Distribute_MAX2011|Win32.ActiveCfg = Distribute|Win32
		{86B599C8-B04A-4FE7-B461-C55DCBD88859}.Distribute_MAX2011|Win32.Build.0 = Distribute|Win32
		{86B599C8-B04A-4FE7-B461-C55DCBD88859}.Distribute_MAX2011|x64.ActiveCfg = Distribute|Win32
		{86B599C8-B04A-4FE7-B461-C55DCBD88859}.Distribute_MAX2011|x64.Build.0 = Distribute|Win32
		{86B599C8-B04A-4FE7-B461-C55DCBD88859}.Distribute|Win32.ActiveCfg = Distribute|Win32
		{86B599C8-B04A-4FE7-B461-C55DCBD88859}.Distribute|Win32.Build.0 = Distribute|Win32
		{86B599C8-B04A-4FE7-B461-C55DCBD88859}.Distribute|x64.ActiveCfg = Distribute|Win32
		{86B599C8-B04A-4FE7-B461-C55DCBD88859}.Release|Win32.ActiveCfg = Distribute|Win32
		{86B599C8-B04A-4FE7-B461-C55DCBD88859}.Release|Win32.Build.0 = Distribute|Win32
		{86B599C8-B04A-4FE7-B461-C55DCBD88859}.Release|x64.ActiveCfg = Distribute|Win32
		{86B599C8-B04A-4FE7-B461-C55DCBD88859}.Release|x64.Build.0 = Distribute|Win32
		{ACC7AD58-B8B6-4028-AEB4-271A80AF3D5F}.Debug|Win32.ActiveCfg = Debug|Win32
		{ACC7AD58-B8B6-4028-AEB4-271A80AF3D5F}.Debug|Win32.Build.0 = Debug|Win32
		{ACC7AD58-B8B6-4028-AEB4-271A80AF3D5F}.Debug|x64.ActiveCfg = Debug|x64
		{ACC7AD58-B8B6-4028-AEB4-271A80AF3D5F}.Debug|x64.Build.0 = Debug|x64
		{ACC7AD58-B8B6-4028-AEB4-271A80AF3D5F}.Distribute_MAX2011|Win32.ActiveCfg = Distribute|Win32
		{ACC7AD58-B8B6-4028-AEB4-271A80AF3D5F}.Distribute_MAX2011|Win32.Build.0 = Distribute|Win32
		{ACC7AD58-B8B6-4028-AEB4-271A80AF3D5F}.Distribute_MAX2011|x64.ActiveCfg = Debug|x64
		{ACC7AD58-B8B6-4028-AEB4-271A80AF3D5F}.Distribute_MAX2011|x64.Build.0 = Debug|x64
		{ACC7AD58-B8B6-4028-AEB4-271A80AF3D5F}.Distribute|Win32.ActiveCfg = Distribute|Win32
		{ACC7AD58-B8B6-4028-AEB4-271A80AF3D5F}.Distribute|Win32.Build.0 = Distribute|Win32
		{ACC7AD58-B8B6-4028-AEB4-271A80AF3D5F}.Distribute|x64.ActiveCfg = Debug|x64
		{ACC7AD58-B8B6-4028-AEB4-271A80AF3D5F}.Distribute|x64.Build.0 = Debug|x64
		{ACC7AD58-B8B6-4028-AEB4-271A80AF3D5F}.Release|Win32.ActiveCfg = Distribute|Win32
		{ACC7AD58-B8B6-4028-AEB4-271A80AF3D5F}.Release|Win32.Build.0 = Distribute|Win32
		{ACC7AD58-B8B6-4028-AEB4-271A80AF3D5F}.Release|x64.ActiveCfg = Distribute|x64
		{ACC7AD58-B8B6-4028-AEB4-271A80AF3D5F}.Release|x64.Build.0 = Distribute|x64
	EndGlobalSection
	GlobalSection(SolutionProperties) = preSolution
		HideSolutionNode = FALSE
	EndGlobalSection
EndGlobal
